// !$*UTF8*$!
{
	archiveVersion = 1;
	classes = {
	};
	objectVersion = 50;
	objects = {

/* Begin PBXBuildFile section */
		547E957321AD49CF002AAA38 /* AppDelegate.m in Sources */ = {isa = PBXBuildFile; fileRef = 547E957221AD49CF002AAA38 /* AppDelegate.m */; };
		547E957621AD49CF002AAA38 /* ViewController.m in Sources */ = {isa = PBXBuildFile; fileRef = 547E957521AD49CF002AAA38 /* ViewController.m */; };
		547E957921AD49CF002AAA38 /* Main.storyboard in Resources */ = {isa = PBXBuildFile; fileRef = 547E957721AD49CF002AAA38 /* Main.storyboard */; };
		547E957B21AD49D1002AAA38 /* Assets.xcassets in Resources */ = {isa = PBXBuildFile; fileRef = 547E957A21AD49D1002AAA38 /* Assets.xcassets */; };
		547E957E21AD49D1002AAA38 /* LaunchScreen.storyboard in Resources */ = {isa = PBXBuildFile; fileRef = 547E957C21AD49D1002AAA38 /* LaunchScreen.storyboard */; };
		547E958121AD49D1002AAA38 /* main.m in Sources */ = {isa = PBXBuildFile; fileRef = 547E958021AD49D1002AAA38 /* main.m */; };
		547E958821AD49EB002AAA38 /* README.md in Resources */ = {isa = PBXBuildFile; fileRef = 547E958721AD49EB002AAA38 /* README.md */; };
		547E959221AD4B86002AAA38 /* ZZBrick.m in Sources */ = {isa = PBXBuildFile; fileRef = 547E959121AD4B86002AAA38 /* ZZBrick.m */; };
		547E95AF21AFB8AC002AAA38 /* ZZTetrisBoard.m in Sources */ = {isa = PBXBuildFile; fileRef = 547E95AE21AFB8AC002AAA38 /* ZZTetrisBoard.m */; };
		547E95B521AFB990002AAA38 /* ZZBrickConfig.m in Sources */ = {isa = PBXBuildFile; fileRef = 547E95B421AFB990002AAA38 /* ZZBrickConfig.m */; };
/* End PBXBuildFile section */

/* Begin PBXFileReference section */
		547E956E21AD49CF002AAA38 /* ZZTetris.app */ = {isa = PBXFileReference; explicitFileType = wrapper.application; includeInIndex = 0; path = ZZTetris.app; sourceTree = BUILT_PRODUCTS_DIR; };
		547E957121AD49CF002AAA38 /* AppDelegate.h */ = {isa = PBXFileReference; lastKnownFileType = sourcecode.c.h; path = AppDelegate.h; sourceTree = "<group>"; };
		547E957221AD49CF002AAA38 /* AppDelegate.m */ = {isa = PBXFileReference; lastKnownFileType = sourcecode.c.objc; path = AppDelegate.m; sourceTree = "<group>"; };
		547E957421AD49CF002AAA38 /* ViewController.h */ = {isa = PBXFileReference; lastKnownFileType = sourcecode.c.h; path = ViewController.h; sourceTree = "<group>"; };
		547E957521AD49CF002AAA38 /* ViewController.m */ = {isa = PBXFileReference; lastKnownFileType = sourcecode.c.objc; path = ViewController.m; sourceTree = "<group>"; };
		547E957821AD49CF002AAA38 /* Base */ = {isa = PBXFileReference; lastKnownFileType = file.storyboard; name = Base; path = Base.lproj/Main.storyboard; sourceTree = "<group>"; };
		547E957A21AD49D1002AAA38 /* Assets.xcassets */ = {isa = PBXFileReference; lastKnownFileType = folder.assetcatalog; path = Assets.xcassets; sourceTree = "<group>"; };
		547E957D21AD49D1002AAA38 /* Base */ = {isa = PBXFileReference; lastKnownFileType = file.storyboard; name = Base; path = Base.lproj/LaunchScreen.storyboard; sourceTree = "<group>"; };
		547E957F21AD49D1002AAA38 /* Info.plist */ = {isa = PBXFileReference; lastKnownFileType = text.plist.xml; path = Info.plist; sourceTree = "<group>"; };
		547E958021AD49D1002AAA38 /* main.m */ = {isa = PBXFileReference; lastKnownFileType = sourcecode.c.objc; path = main.m; sourceTree = "<group>"; };
		547E958721AD49EB002AAA38 /* README.md */ = {isa = PBXFileReference; lastKnownFileType = net.daringfireball.markdown; path = README.md; sourceTree = "<group>"; };
		547E959021AD4B86002AAA38 /* ZZBrick.h */ = {isa = PBXFileReference; lastKnownFileType = sourcecode.c.h; path = ZZBrick.h; sourceTree = "<group>"; };
		547E959121AD4B86002AAA38 /* ZZBrick.m */ = {isa = PBXFileReference; lastKnownFileType = sourcecode.c.objc; path = ZZBrick.m; sourceTree = "<group>"; };
		547E959D21AD6B12002AAA38 /* ZZTetrisDefine.h */ = {isa = PBXFileReference; lastKnownFileType = sourcecode.c.h; path = ZZTetrisDefine.h; sourceTree = "<group>"; };
		547E95AD21AFB8AC002AAA38 /* ZZTetrisBoard.h */ = {isa = PBXFileReference; lastKnownFileType = sourcecode.c.h; path = ZZTetrisBoard.h; sourceTree = "<group>"; };
		547E95AE21AFB8AC002AAA38 /* ZZTetrisBoard.m */ = {isa = PBXFileReference; lastKnownFileType = sourcecode.c.objc; path = ZZTetrisBoard.m; sourceTree = "<group>"; };
		547E95B321AFB990002AAA38 /* ZZBrickConfig.h */ = {isa = PBXFileReference; lastKnownFileType = sourcecode.c.h; path = ZZBrickConfig.h; sourceTree = "<group>"; };
		547E95B421AFB990002AAA38 /* ZZBrickConfig.m */ = {isa = PBXFileReference; lastKnownFileType = sourcecode.c.objc; path = ZZBrickConfig.m; sourceTree = "<group>"; };
/* End PBXFileReference section */

/* Begin PBXFrameworksBuildPhase section */
		547E956B21AD49CF002AAA38 /* Frameworks */ = {
			isa = PBXFrameworksBuildPhase;
			buildActionMask = 2147483647;
			files = (
			);
			runOnlyForDeploymentPostprocessing = 0;
		};
/* End PBXFrameworksBuildPhase section */

/* Begin PBXGroup section */
		547E956521AD49CF002AAA38 = {
			isa = PBXGroup;
			children = (
				547E957021AD49CF002AAA38 /* ZZTetris */,
				547E956F21AD49CF002AAA38 /* Products */,
			);
			sourceTree = "<group>";
		};
		547E956F21AD49CF002AAA38 /* Products */ = {
			isa = PBXGroup;
			children = (
				547E956E21AD49CF002AAA38 /* ZZTetris.app */,
			);
			name = Products;
			sourceTree = "<group>";
		};
		547E957021AD49CF002AAA38 /* ZZTetris */ = {
			isa = PBXGroup;
			children = (
				547E958C21AD4B2D002AAA38 /* Core */,
				547E957121AD49CF002AAA38 /* AppDelegate.h */,
				547E957221AD49CF002AAA38 /* AppDelegate.m */,
				547E957421AD49CF002AAA38 /* ViewController.h */,
				547E957521AD49CF002AAA38 /* ViewController.m */,
				547E957721AD49CF002AAA38 /* Main.storyboard */,
				547E957A21AD49D1002AAA38 /* Assets.xcassets */,
				547E957C21AD49D1002AAA38 /* LaunchScreen.storyboard */,
				547E957F21AD49D1002AAA38 /* Info.plist */,
				547E958021AD49D1002AAA38 /* main.m */,
				547E958721AD49EB002AAA38 /* README.md */,
			);
			path = ZZTetris;
			sourceTree = "<group>";
		};
		547E958C21AD4B2D002AAA38 /* Core */ = {
			isa = PBXGroup;
			children = (
				547E959D21AD6B12002AAA38 /* ZZTetrisDefine.h */,
				547E95AD21AFB8AC002AAA38 /* ZZTetrisBoard.h */,
				547E95AE21AFB8AC002AAA38 /* ZZTetrisBoard.m */,
				547E95B321AFB990002AAA38 /* ZZBrickConfig.h */,
				547E95B421AFB990002AAA38 /* ZZBrickConfig.m */,
				547E959021AD4B86002AAA38 /* ZZBrick.h */,
				547E959121AD4B86002AAA38 /* ZZBrick.m */,
			);
			path = Core;
			sourceTree = "<group>";
		};
/* End PBXGroup section */

/* Begin PBXNativeTarget section */
		547E956D21AD49CF002AAA38 /* ZZTetris */ = {
			isa = PBXNativeTarget;
			buildConfigurationList = 547E958421AD49D1002AAA38 /* Build configuration list for PBXNativeTarget "ZZTetris" */;
			buildPhases = (
				547E956A21AD49CF002AAA38 /* Sources */,
				547E956B21AD49CF002AAA38 /* Frameworks */,
				547E956C21AD49CF002AAA38 /* Resources */,
			);
			buildRules = (
			);
			dependencies = (
			);
			name = ZZTetris;
			productName = ZZTetris;
			productReference = 547E956E21AD49CF002AAA38 /* ZZTetris.app */;
			productType = "com.apple.product-type.application";
		};
/* End PBXNativeTarget section */

/* Begin PBXProject section */
		547E956621AD49CF002AAA38 /* Project object */ = {
			isa = PBXProject;
			attributes = {
				LastUpgradeCheck = 0940;
				ORGANIZATIONNAME = Jungle;
				TargetAttributes = {
					547E956D21AD49CF002AAA38 = {
						CreatedOnToolsVersion = 9.4.1;
					};
				};
			};
			buildConfigurationList = 547E956921AD49CF002AAA38 /* Build configuration list for PBXProject "ZZTetris" */;
			compatibilityVersion = "Xcode 9.3";
			developmentRegion = en;
			hasScannedForEncodings = 0;
			knownRegions = (
				en,
				Base,
			);
			mainGroup = 547E956521AD49CF002AAA38;
			productRefGroup = 547E956F21AD49CF002AAA38 /* Products */;
			projectDirPath = "";
			projectRoot = "";
			targets = (
				547E956D21AD49CF002AAA38 /* ZZTetris */,
			);
		};
/* End PBXProject section */

/* Begin PBXResourcesBuildPhase section */
		547E956C21AD49CF002AAA38 /* Resources */ = {
			isa = PBXResourcesBuildPhase;
			buildActionMask = 2147483647;
			files = (
				547E957E21AD49D1002AAA38 /* LaunchScreen.storyboard in Resources */,
				547E957B21AD49D1002AAA38 /* Assets.xcassets in Resources */,
				547E958821AD49EB002AAA38 /* README.md in Resources */,
				547E957921AD49CF002AAA38 /* Main.storyboard in Resources */,
			);
			runOnlyForDeploymentPostprocessing = 0;
		};
/* End PBXResourcesBuildPhase section */

/* Begin PBXSourcesBuildPhase section */
		547E956A21AD49CF002AAA38 /* Sources */ = {
			isa = PBXSourcesBuildPhase;
			buildActionMask = 2147483647;
			files = (
				547E959221AD4B86002AAA38 /* ZZBrick.m in Sources */,
				547E957621AD49CF002AAA38 /* ViewController.m in Sources */,
				547E95B521AFB990002AAA38 /* ZZBrickConfig.m in Sources */,
				547E958121AD49D1002AAA38 /* main.m in Sources */,
				547E95AF21AFB8AC002AAA38 /* ZZTetrisBoard.m in Sources */,
				547E957321AD49CF002AAA38 /* AppDelegate.m in Sources */,
			);
			runOnlyForDeploymentPostprocessing = 0;
		};
/* End PBXSourcesBuildPhase section */

/* Begin PBXVariantGroup section */
		547E957721AD49CF002AAA38 /* Main.storyboard */ = {
			isa = PBXVariantGroup;
			children = (
				547E957821AD49CF002AAA38 /* Base */,
			);
			name = Main.storyboard;
			sourceTree = "<group>";
		};
		547E957C21AD49D1002AAA38 /* LaunchScreen.storyboard */ = {
			isa = PBXVariantGroup;
			children = (
				547E957D21AD49D1002AAA38 /* Base */,
			);
			name = LaunchScreen.storyboard;
			sourceTree = "<group>";
		};
/* End PBXVariantGroup section */

/* Begin XCBuildConfiguration section */
		547E958221AD49D1002AAA38 /* Debug */ = {
			isa = XCBuildConfiguration;
			buildSettings = {
				ALWAYS_SEARCH_USER_PATHS = NO;
				CLANG_ANALYZER_NONNULL = YES;
				CLANG_ANALYZER_NUMBER_OBJECT_CONVERSION = YES_AGGRESSIVE;
				CLANG_CXX_LANGUAGE_STANDARD = "gnu++14";
				CLANG_CXX_LIBRARY = "libc++";
				CLANG_ENABLE_MODULES = YES;
				CLANG_ENABLE_OBJC_ARC = YES;
				CLANG_ENABLE_OBJC_WEAK = YES;
				CLANG_WARN_BLOCK_CAPTURE_AUTORELEASING = YES;
				CLANG_WARN_BOOL_CONVERSION = YES;
				CLANG_WARN_COMMA = YES;
				CLANG_WARN_CONSTANT_CONVERSION = YES;
				CLANG_WARN_DEPRECATED_OBJC_IMPLEMENTATIONS = YES;
				CLANG_WARN_DIRECT_OBJC_ISA_USAGE = YES_ERROR;
				CLANG_WARN_DOCUMENTATION_COMMENTS = YES;
				CLANG_WARN_EMPTY_BODY = YES;
				CLANG_WARN_ENUM_CONVERSION = YES;
				CLANG_WARN_INFINITE_RECURSION = YES;
				CLANG_WARN_INT_CONVERSION = YES;
				CLANG_WARN_NON_LITERAL_NULL_CONVERSION = YES;
				CLANG_WARN_OBJC_IMPLICIT_RETAIN_SELF = YES;
				CLANG_WARN_OBJC_LITERAL_CONVERSION = YES;
				CLANG_WARN_OBJC_ROOT_CLASS = YES_ERROR;
				CLANG_WARN_RANGE_LOOP_ANALYSIS = YES;
				CLANG_WARN_STRICT_PROTOTYPES = YES;
				CLANG_WARN_SUSPICIOUS_MOVE = YES;
				CLANG_WARN_UNGUARDED_AVAILABILITY = YES_AGGRESSIVE;
				CLANG_WARN_UNREACHABLE_CODE = YES;
				CLANG_WARN__DUPLICATE_METHOD_MATCH = YES;
				CODE_SIGN_IDENTITY = "iPhone Developer";
				COPY_PHASE_STRIP = NO;
				DEBUG_INFORMATION_FORMAT = dwarf;
				ENABLE_STRICT_OBJC_MSGSEND = YES;
				ENABLE_TESTABILITY = YES;
				GCC_C_LANGUAGE_STANDARD = gnu11;
				GCC_DYNAMIC_NO_PIC = NO;
				GCC_NO_COMMON_BLOCKS = YES;
				GCC_OPTIMIZATION_LEVEL = 0;
				GCC_PREPROCESSOR_DEFINITIONS = (
					"DEBUG=1",
					"$(inherited)",
				);
				GCC_WARN_64_TO_32_BIT_CONVERSION = YES;
				GCC_WARN_ABOUT_RETURN_TYPE = YES_ERROR;
				GCC_WARN_UNDECLARED_SELECTOR = YES;
				GCC_WARN_UNINITIALIZED_AUTOS = YES_AGGRESSIVE;
				GCC_WARN_UNUSED_FUNCTION = YES;
				GCC_WARN_UNUSED_VARIABLE = YES;
				IPHONEOS_DEPLOYMENT_TARGET = 11.4;
				MTL_ENABLE_DEBUG_INFO = YES;
				ONLY_ACTIVE_ARCH = YES;
				SDKROOT = iphoneos;
			};
			name = Debug;
		};
		547E958321AD49D1002AAA38 /* Release */ = {
			isa = XCBuildConfiguration;
			buildSettings = {
				ALWAYS_SEARCH_USER_PATHS = NO;
				CLANG_ANALYZER_NONNULL = YES;
				CLANG_ANALYZER_NUMBER_OBJECT_CONVERSION = YES_AGGRESSIVE;
				CLANG_CXX_LANGUAGE_STANDARD = "gnu++14";
				CLANG_CXX_LIBRARY = "libc++";
				CLANG_ENABLE_MODULES = YES;
				CLANG_ENABLE_OBJC_ARC = YES;
				CLANG_ENABLE_OBJC_WEAK = YES;
				CLANG_WARN_BLOCK_CAPTURE_AUTORELEASING = YES;
				CLANG_WARN_BOOL_CONVERSION = YES;
				CLANG_WARN_COMMA = YES;
				CLANG_WARN_CONSTANT_CONVERSION = YES;
				CLANG_WARN_DEPRECATED_OBJC_IMPLEMENTATIONS = YES;
				CLANG_WARN_DIRECT_OBJC_ISA_USAGE = YES_ERROR;
				CLANG_WARN_DOCUMENTATION_COMMENTS = YES;
				CLANG_WARN_EMPTY_BODY = YES;
				CLANG_WARN_ENUM_CONVERSION = YES;
				CLANG_WARN_INFINITE_RECURSION = YES;
				CLANG_WARN_INT_CONVERSION = YES;
				CLANG_WARN_NON_LITERAL_NULL_CONVERSION = YES;
				CLANG_WARN_OBJC_IMPLICIT_RETAIN_SELF = YES;
				CLANG_WARN_OBJC_LITERAL_CONVERSION = YES;
				CLANG_WARN_OBJC_ROOT_CLASS = YES_ERROR;
				CLANG_WARN_RANGE_LOOP_ANALYSIS = YES;
				CLANG_WARN_STRICT_PROTOTYPES = YES;
				CLANG_WARN_SUSPICIOUS_MOVE = YES;
				CLANG_WARN_UNGUARDED_AVAILABILITY = YES_AGGRESSIVE;
				CLANG_WARN_UNREACHABLE_CODE = YES;
				CLANG_WARN__DUPLICATE_METHOD_MATCH = YES;
				CODE_SIGN_IDENTITY = "iPhone Developer";
				COPY_PHASE_STRIP = NO;
				DEBUG_INFORMATION_FORMAT = "dwarf-with-dsym";
				ENABLE_NS_ASSERTIONS = NO;
				ENABLE_STRICT_OBJC_MSGSEND = YES;
				GCC_C_LANGUAGE_STANDARD = gnu11;
				GCC_NO_COMMON_BLOCKS = YES;
				GCC_WARN_64_TO_32_BIT_CONVERSION = YES;
				GCC_WARN_ABOUT_RETURN_TYPE = YES_ERROR;
				GCC_WARN_UNDECLARED_SELECTOR = YES;
				GCC_WARN_UNINITIALIZED_AUTOS = YES_AGGRESSIVE;
				GCC_WARN_UNUSED_FUNCTION = YES;
				GCC_WARN_UNUSED_VARIABLE = YES;
				IPHONEOS_DEPLOYMENT_TARGET = 11.4;
				MTL_ENABLE_DEBUG_INFO = NO;
				SDKROOT = iphoneos;
				VALIDATE_PRODUCT = YES;
			};
			name = Release;
		};
		547E958521AD49D1002AAA38 /* Debug */ = {
			isa = XCBuildConfiguration;
			buildSettings = {
				ASSETCATALOG_COMPILER_APPICON_NAME = AppIcon;
				CODE_SIGN_IDENTITY = "iPhone Developer";
				CODE_SIGN_STYLE = Automatic;
				DEVELOPMENT_TEAM = TQG5LT2E9L;
				INFOPLIST_FILE = ZZTetris/Info.plist;
				IPHONEOS_DEPLOYMENT_TARGET = 10.3;
				LD_RUNPATH_SEARCH_PATHS = (
					"$(inherited)",
					"@executable_path/Frameworks",
				);
				PRODUCT_BUNDLE_IDENTIFIER = com.JumpX.ZZTetris;
				PRODUCT_NAME = "$(TARGET_NAME)";
				PROVISIONING_PROFILE = "b516c36b-c47a-4523-b16c-f29123d57513";
				PROVISIONING_PROFILE_SPECIFIER = "";
				TARGETED_DEVICE_FAMILY = "1,2";
			};
			name = Debug;
		};
		547E958621AD49D1002AAA38 /* Release */ = {
			isa = XCBuildConfiguration;
			buildSettings = {
				ASSETCATALOG_COMPILER_APPICON_NAME = AppIcon;
				CODE_SIGN_IDENTITY = "iPhone Developer";
				CODE_SIGN_STYLE = Automatic;
				DEVELOPMENT_TEAM = TQG5LT2E9L;
				INFOPLIST_FILE = ZZTetris/Info.plist;
				IPHONEOS_DEPLOYMENT_TARGET = 10.3;
				LD_RUNPATH_SEARCH_PATHS = (
					"$(inherited)",
					"@executable_path/Frameworks",
				);
				PRODUCT_BUNDLE_IDENTIFIER = com.JumpX.ZZTetris;
				PRODUCT_NAME = "$(TARGET_NAME)";
				PROVISIONING_PROFILE = "b516c36b-c47a-4523-b16c-f29123d57513";
				PROVISIONING_PROFILE_SPECIFIER = "";
				TARGETED_DEVICE_FAMILY = "1,2";
			};
			name = Release;
		};
/* End XCBuildConfiguration section */

/* Begin XCConfigurationList section */
		547E956921AD49CF002AAA38 /* Build configuration list for PBXProject "ZZTetris" */ = {
			isa = XCConfigurationList;
			buildConfigurations = (
				547E958221AD49D1002AAA38 /* Debug */,
				547E958321AD49D1002AAA38 /* Release */,
			);
			defaultConfigurationIsVisible = 0;
			defaultConfigurationName = Release;
		};
		547E958421AD49D1002AAA38 /* Build configuration list for PBXNativeTarget "ZZTetris" */ = {
			isa = XCConfigurationList;
			buildConfigurations = (
				547E958521AD49D1002AAA38 /* Debug */,
				547E958621AD49D1002AAA38 /* Release */,
			);
			defaultConfigurationIsVisible = 0;
			defaultConfigurationName = Release;
		};
/* End XCConfigurationList section */
	};
	rootObject = 547E956621AD49CF002AAA38 /* Project object */;
}
